
Microsoft Visual Studio Solution File, Format Version 12.00
# Visual Studio Version 16
VisualStudioVersion = 16.0.31911.196
MinimumVisualStudioVersion = 10.0.40219.1
Project("{FAE04EC0-301F-11D3-BF4B-00C04F79EFBC}") = "WebApplication2", "WebApplication2\WebApplication2.csproj", "{E05C4C48-4A0C-47A5-AAFD-7ACED2F15E69}"
EndProject
Global
	GlobalSection(SolutionConfigurationPlatforms) = preSolution
		Debug|Any CPU = Debug|Any CPU
		Release|Any CPU = Release|Any CPU
	EndGlobalSection
	GlobalSection(ProjectConfigurationPlatforms) = postSolution
		{E05C4C48-4A0C-47A5-AAFD-7ACED2F15E69}.Debug|Any CPU.ActiveCfg = Debug|Any CPU
		{E05C4C48-4A0C-47A5-AAFD-7ACED2F15E69}.Debug|Any CPU.Build.0 = Debug|Any CPU
		{E05C4C48-4A0C-47A5-AAFD-7ACED2F15E69}.Release|Any CPU.ActiveCfg = Release|Any CPU
		{E05C4C48-4A0C-47A5-AAFD-7ACED2F15E69}.Release|Any CPU.Build.0 = Release|Any CPU
	EndGlobalSection
	GlobalSection(SolutionProperties) = preSolution
		HideSolutionNode = FALSE
	EndGlobalSection
	GlobalSection(ExtensibilityGlobals) = postSolution
		SolutionGuid = {17AF56F2-3B4B-4322-B2E9-EF26449139BC}
	EndGlobalSection
EndGlobal
