
Microsoft Visual Studio Solution File, Format Version 12.00
# Visual Studio Version 16
VisualStudioVersion = 16.0.31911.196
MinimumVisualStudioVersion = 10.0.40219.1
Project("{FAE04EC0-301F-11D3-BF4B-00C04F79EFBC}") = "ClassSubmissionStep285", "ClassSubmissionStep285\ClassSubmissionStep285.csproj", "{2F43D5C1-CE69-47B2-8744-3CF2BC8A65F4}"
EndProject
Global
	GlobalSection(SolutionConfigurationPlatforms) = preSolution
		Debug|Any CPU = Debug|Any CPU
		Release|Any CPU = Release|Any CPU
	EndGlobalSection
	GlobalSection(ProjectConfigurationPlatforms) = postSolution
		{2F43D5C1-CE69-47B2-8744-3CF2BC8A65F4}.Debug|Any CPU.ActiveCfg = Debug|Any CPU
		{2F43D5C1-CE69-47B2-8744-3CF2BC8A65F4}.Debug|Any CPU.Build.0 = Debug|Any CPU
		{2F43D5C1-CE69-47B2-8744-3CF2BC8A65F4}.Release|Any CPU.ActiveCfg = Release|Any CPU
		{2F43D5C1-CE69-47B2-8744-3CF2BC8A65F4}.Release|Any CPU.Build.0 = Release|Any CPU
	EndGlobalSection
	GlobalSection(SolutionProperties) = preSolution
		HideSolutionNode = FALSE
	EndGlobalSection
	GlobalSection(ExtensibilityGlobals) = postSolution
		SolutionGuid = {86F71E4E-D3DE-4FA0-B7C4-ABEE524D60F4}
	EndGlobalSection
EndGlobal
