
Microsoft Visual Studio Solution File, Format Version 12.00
# Visual Studio Version 16
VisualStudioVersion = 16.0.31911.196
MinimumVisualStudioVersion = 10.0.40219.1
Project("{FAE04EC0-301F-11D3-BF4B-00C04F79EFBC}") = "MvcTutorial", "MvcTutorial\MvcTutorial.csproj", "{58F46F6F-B74A-459C-B9C4-AFF570273AFE}"
EndProject
Global
	GlobalSection(SolutionConfigurationPlatforms) = preSolution
		Debug|Any CPU = Debug|Any CPU
		Release|Any CPU = Release|Any CPU
	EndGlobalSection
	GlobalSection(ProjectConfigurationPlatforms) = postSolution
		{58F46F6F-B74A-459C-B9C4-AFF570273AFE}.Debug|Any CPU.ActiveCfg = Debug|Any CPU
		{58F46F6F-B74A-459C-B9C4-AFF570273AFE}.Debug|Any CPU.Build.0 = Debug|Any CPU
		{58F46F6F-B74A-459C-B9C4-AFF570273AFE}.Release|Any CPU.ActiveCfg = Release|Any CPU
		{58F46F6F-B74A-459C-B9C4-AFF570273AFE}.Release|Any CPU.Build.0 = Release|Any CPU
	EndGlobalSection
	GlobalSection(SolutionProperties) = preSolution
		HideSolutionNode = FALSE
	EndGlobalSection
	GlobalSection(ExtensibilityGlobals) = postSolution
		SolutionGuid = {7614076D-EF65-41EA-AE69-DA9CDBC1C696}
	EndGlobalSection
EndGlobal
