
Microsoft Visual Studio Solution File, Format Version 12.00
# Visual Studio Version 16
VisualStudioVersion = 16.0.31911.196
MinimumVisualStudioVersion = 10.0.40219.1
Project("{FAE04EC0-301F-11D3-BF4B-00C04F79EFBC}") = "Branching", "Branching\Branching.csproj", "{CC981B65-C14D-46B1-BDAD-16A2948C6C5B}"
EndProject
Global
	GlobalSection(SolutionConfigurationPlatforms) = preSolution
		Debug|Any CPU = Debug|Any CPU
		Release|Any CPU = Release|Any CPU
	EndGlobalSection
	GlobalSection(ProjectConfigurationPlatforms) = postSolution
		{CC981B65-C14D-46B1-BDAD-16A2948C6C5B}.Debug|Any CPU.ActiveCfg = Debug|Any CPU
		{CC981B65-C14D-46B1-BDAD-16A2948C6C5B}.Debug|Any CPU.Build.0 = Debug|Any CPU
		{CC981B65-C14D-46B1-BDAD-16A2948C6C5B}.Release|Any CPU.ActiveCfg = Release|Any CPU
		{CC981B65-C14D-46B1-BDAD-16A2948C6C5B}.Release|Any CPU.Build.0 = Release|Any CPU
	EndGlobalSection
	GlobalSection(SolutionProperties) = preSolution
		HideSolutionNode = FALSE
	EndGlobalSection
	GlobalSection(ExtensibilityGlobals) = postSolution
		SolutionGuid = {EB0AC89E-B2A7-479C-BDAE-43DCDD05AB45}
	EndGlobalSection
EndGlobal
