
Microsoft Visual Studio Solution File, Format Version 12.00
# Visual Studio Version 16
VisualStudioVersion = 16.0.31911.196
MinimumVisualStudioVersion = 10.0.40219.1
Project("{FAE04EC0-301F-11D3-BF4B-00C04F79EFBC}") = "AbstractClassStep302", "AbstractClassStep302\AbstractClassStep302.csproj", "{D9EE5562-A8ED-48C2-B75C-157607CF4C30}"
EndProject
Global
	GlobalSection(SolutionConfigurationPlatforms) = preSolution
		Debug|Any CPU = Debug|Any CPU
		Release|Any CPU = Release|Any CPU
	EndGlobalSection
	GlobalSection(ProjectConfigurationPlatforms) = postSolution
		{D9EE5562-A8ED-48C2-B75C-157607CF4C30}.Debug|Any CPU.ActiveCfg = Debug|Any CPU
		{D9EE5562-A8ED-48C2-B75C-157607CF4C30}.Debug|Any CPU.Build.0 = Debug|Any CPU
		{D9EE5562-A8ED-48C2-B75C-157607CF4C30}.Release|Any CPU.ActiveCfg = Release|Any CPU
		{D9EE5562-A8ED-48C2-B75C-157607CF4C30}.Release|Any CPU.Build.0 = Release|Any CPU
	EndGlobalSection
	GlobalSection(SolutionProperties) = preSolution
		HideSolutionNode = FALSE
	EndGlobalSection
	GlobalSection(ExtensibilityGlobals) = postSolution
		SolutionGuid = {EDCC61EB-C313-4556-B804-7DB5807DAD4C}
	EndGlobalSection
EndGlobal
