
Microsoft Visual Studio Solution File, Format Version 12.00
# Visual Studio Version 16
VisualStudioVersion = 16.0.31911.196
MinimumVisualStudioVersion = 10.0.40219.1
Project("{FAE04EC0-301F-11D3-BF4B-00C04F79EFBC}") = "ExceptionHandling", "ExceptionHandling\ExceptionHandling.csproj", "{9B18D37A-94ED-4E29-B880-09D0A55ED6FF}"
EndProject
Global
	GlobalSection(SolutionConfigurationPlatforms) = preSolution
		Debug|Any CPU = Debug|Any CPU
		Release|Any CPU = Release|Any CPU
	EndGlobalSection
	GlobalSection(ProjectConfigurationPlatforms) = postSolution
		{9B18D37A-94ED-4E29-B880-09D0A55ED6FF}.Debug|Any CPU.ActiveCfg = Debug|Any CPU
		{9B18D37A-94ED-4E29-B880-09D0A55ED6FF}.Debug|Any CPU.Build.0 = Debug|Any CPU
		{9B18D37A-94ED-4E29-B880-09D0A55ED6FF}.Release|Any CPU.ActiveCfg = Release|Any CPU
		{9B18D37A-94ED-4E29-B880-09D0A55ED6FF}.Release|Any CPU.Build.0 = Release|Any CPU
	EndGlobalSection
	GlobalSection(SolutionProperties) = preSolution
		HideSolutionNode = FALSE
	EndGlobalSection
	GlobalSection(ExtensibilityGlobals) = postSolution
		SolutionGuid = {7F275D1B-6442-4FF9-87D7-570334DCCA36}
	EndGlobalSection
EndGlobal
