
Microsoft Visual Studio Solution File, Format Version 12.00
# Visual Studio Version 16
VisualStudioVersion = 16.0.31911.196
MinimumVisualStudioVersion = 10.0.40219.1
Project("{FAE04EC0-301F-11D3-BF4B-00C04F79EFBC}") = "MainMethodStep279", "MainMethodStep279\MainMethodStep279.csproj", "{872AAA96-DC89-4326-B5FC-D481D2F84411}"
EndProject
Global
	GlobalSection(SolutionConfigurationPlatforms) = preSolution
		Debug|Any CPU = Debug|Any CPU
		Release|Any CPU = Release|Any CPU
	EndGlobalSection
	GlobalSection(ProjectConfigurationPlatforms) = postSolution
		{872AAA96-DC89-4326-B5FC-D481D2F84411}.Debug|Any CPU.ActiveCfg = Debug|Any CPU
		{872AAA96-DC89-4326-B5FC-D481D2F84411}.Debug|Any CPU.Build.0 = Debug|Any CPU
		{872AAA96-DC89-4326-B5FC-D481D2F84411}.Release|Any CPU.ActiveCfg = Release|Any CPU
		{872AAA96-DC89-4326-B5FC-D481D2F84411}.Release|Any CPU.Build.0 = Release|Any CPU
	EndGlobalSection
	GlobalSection(SolutionProperties) = preSolution
		HideSolutionNode = FALSE
	EndGlobalSection
	GlobalSection(ExtensibilityGlobals) = postSolution
		SolutionGuid = {5AAB7647-C7A2-4AA5-A2C3-2F3CEE569A8F}
	EndGlobalSection
EndGlobal
