
Microsoft Visual Studio Solution File, Format Version 12.00
# Visual Studio Version 16
VisualStudioVersion = 16.0.31911.196
MinimumVisualStudioVersion = 10.0.40219.1
Project("{FAE04EC0-301F-11D3-BF4B-00C04F79EFBC}") = "PolymorphismStep306", "PolymorphismStep306\PolymorphismStep306.csproj", "{416BA88D-CD9D-4041-AB3E-D6FB304DA1D9}"
EndProject
Global
	GlobalSection(SolutionConfigurationPlatforms) = preSolution
		Debug|Any CPU = Debug|Any CPU
		Release|Any CPU = Release|Any CPU
	EndGlobalSection
	GlobalSection(ProjectConfigurationPlatforms) = postSolution
		{416BA88D-CD9D-4041-AB3E-D6FB304DA1D9}.Debug|Any CPU.ActiveCfg = Debug|Any CPU
		{416BA88D-CD9D-4041-AB3E-D6FB304DA1D9}.Debug|Any CPU.Build.0 = Debug|Any CPU
		{416BA88D-CD9D-4041-AB3E-D6FB304DA1D9}.Release|Any CPU.ActiveCfg = Release|Any CPU
		{416BA88D-CD9D-4041-AB3E-D6FB304DA1D9}.Release|Any CPU.Build.0 = Release|Any CPU
	EndGlobalSection
	GlobalSection(SolutionProperties) = preSolution
		HideSolutionNode = FALSE
	EndGlobalSection
	GlobalSection(ExtensibilityGlobals) = postSolution
		SolutionGuid = {C4F655D5-E123-4025-9BE4-445D0242BF89}
	EndGlobalSection
EndGlobal
