
Microsoft Visual Studio Solution File, Format Version 12.00
# Visual Studio Version 16
VisualStudioVersion = 16.0.31911.196
MinimumVisualStudioVersion = 10.0.40219.1
Project("{FAE04EC0-301F-11D3-BF4B-00C04F79EFBC}") = "LambdaStep337", "LambdaStep337\LambdaStep337.csproj", "{6C9E0182-0C7F-4B81-86F7-BAEF4361C6A3}"
EndProject
Global
	GlobalSection(SolutionConfigurationPlatforms) = preSolution
		Debug|Any CPU = Debug|Any CPU
		Release|Any CPU = Release|Any CPU
	EndGlobalSection
	GlobalSection(ProjectConfigurationPlatforms) = postSolution
		{6C9E0182-0C7F-4B81-86F7-BAEF4361C6A3}.Debug|Any CPU.ActiveCfg = Debug|Any CPU
		{6C9E0182-0C7F-4B81-86F7-BAEF4361C6A3}.Debug|Any CPU.Build.0 = Debug|Any CPU
		{6C9E0182-0C7F-4B81-86F7-BAEF4361C6A3}.Release|Any CPU.ActiveCfg = Release|Any CPU
		{6C9E0182-0C7F-4B81-86F7-BAEF4361C6A3}.Release|Any CPU.Build.0 = Release|Any CPU
	EndGlobalSection
	GlobalSection(SolutionProperties) = preSolution
		HideSolutionNode = FALSE
	EndGlobalSection
	GlobalSection(ExtensibilityGlobals) = postSolution
		SolutionGuid = {960D9C5E-3AFD-40EA-AD01-D9E415C92FD5}
	EndGlobalSection
EndGlobal
